
Microsoft Visual Studio Solution File, Format Version 12.00
# Visual Studio Version 17
VisualStudioVersion = 17.12.35527.113
MinimumVisualStudioVersion = 10.0.40219.1
Project("{2150E333-8FDC-42A3-9474-1A3956D46DE8}") = "Solution Items", "Solution Items", "{E1311811-B0DB-4428-B4DC-569B90292781}"
	ProjectSection(SolutionItems) = preProject
		README.md = README.md
	EndProjectSection
EndProject
Project("{FAE04EC0-301F-11D3-BF4B-00C04F79EFBC}") = "FilterStash", "FilterStash\FilterStash.csproj", "{C03437F0-A5AB-4BEC-9F75-6B7FAB9339C0}"
EndProject
Project("{FAE04EC0-301F-11D3-BF4B-00C04F79EFBC}") = "FilterStash.UI", "FilterStash.UI\FilterStash.UI.csproj", "{EE29FC48-E3FD-47D2-B9FE-9590646081E2}"
EndProject
Project("{FAE04EC0-301F-11D3-BF4B-00C04F79EFBC}") = "FilterStash.WinForms", "FilterStash.WinForms\FilterStash.WinForms.csproj", "{166EFA24-DAFB-437B-BE94-5797104BDB42}"
EndProject
Project("{FAE04EC0-301F-11D3-BF4B-00C04F79EFBC}") = "FilterStash.Maui", "FilterStash.Maui\FilterStash.Maui.csproj", "{5168ACB5-F198-4D6C-B655-38341F55FC95}"
EndProject
Project("{2150E333-8FDC-42A3-9474-1A3956D46DE8}") = "docs", "docs", "{BDADF120-E660-48FF-87F7-97EE55E4B144}"
	ProjectSection(SolutionItems) = preProject
		docs\app-structure.png = docs\app-structure.png
		docs\general-idea.png = docs\general-idea.png
		docs\v0.1.3_example.png = docs\v0.1.3_example.png
	EndProjectSection
EndProject
Global
	GlobalSection(SolutionConfigurationPlatforms) = preSolution
		Debug|Any CPU = Debug|Any CPU
		Release|Any CPU = Release|Any CPU
	EndGlobalSection
	GlobalSection(ProjectConfigurationPlatforms) = postSolution
		{C03437F0-A5AB-4BEC-9F75-6B7FAB9339C0}.Debug|Any CPU.ActiveCfg = Debug|Any CPU
		{C03437F0-A5AB-4BEC-9F75-6B7FAB9339C0}.Debug|Any CPU.Build.0 = Debug|Any CPU
		{C03437F0-A5AB-4BEC-9F75-6B7FAB9339C0}.Release|Any CPU.ActiveCfg = Release|Any CPU
		{C03437F0-A5AB-4BEC-9F75-6B7FAB9339C0}.Release|Any CPU.Build.0 = Release|Any CPU
		{EE29FC48-E3FD-47D2-B9FE-9590646081E2}.Debug|Any CPU.ActiveCfg = Debug|Any CPU
		{EE29FC48-E3FD-47D2-B9FE-9590646081E2}.Debug|Any CPU.Build.0 = Debug|Any CPU
		{EE29FC48-E3FD-47D2-B9FE-9590646081E2}.Release|Any CPU.ActiveCfg = Release|Any CPU
		{EE29FC48-E3FD-47D2-B9FE-9590646081E2}.Release|Any CPU.Build.0 = Release|Any CPU
		{166EFA24-DAFB-437B-BE94-5797104BDB42}.Debug|Any CPU.ActiveCfg = Debug|Any CPU
		{166EFA24-DAFB-437B-BE94-5797104BDB42}.Debug|Any CPU.Build.0 = Debug|Any CPU
		{166EFA24-DAFB-437B-BE94-5797104BDB42}.Release|Any CPU.ActiveCfg = Release|Any CPU
		{166EFA24-DAFB-437B-BE94-5797104BDB42}.Release|Any CPU.Build.0 = Release|Any CPU
		{5168ACB5-F198-4D6C-B655-38341F55FC95}.Debug|Any CPU.ActiveCfg = Debug|Any CPU
		{5168ACB5-F198-4D6C-B655-38341F55FC95}.Debug|Any CPU.Build.0 = Debug|Any CPU
		{5168ACB5-F198-4D6C-B655-38341F55FC95}.Release|Any CPU.ActiveCfg = Release|Any CPU
		{5168ACB5-F198-4D6C-B655-38341F55FC95}.Release|Any CPU.Build.0 = Release|Any CPU
	EndGlobalSection
	GlobalSection(SolutionProperties) = preSolution
		HideSolutionNode = FALSE
	EndGlobalSection
	GlobalSection(NestedProjects) = preSolution
		{BDADF120-E660-48FF-87F7-97EE55E4B144} = {E1311811-B0DB-4428-B4DC-569B90292781}
	EndGlobalSection
EndGlobal
