
Microsoft Visual Studio Solution File, Format Version 12.00
# Visual Studio Version 17
VisualStudioVersion = 17.12.35527.113
MinimumVisualStudioVersion = 10.0.40219.1
Project("{FAE04EC0-301F-11D3-BF4B-00C04F79EFBC}") = "PoE2FilterManager", "PoE2FilterManager\PoE2FilterManager.csproj", "{AA9BD36E-16A3-400E-B54E-C1F070C77835}"
EndProject
Project("{FAE04EC0-301F-11D3-BF4B-00C04F79EFBC}") = "PoE2FilterManager.UI", "PoE2FilterManager.UI\PoE2FilterManager.UI.csproj", "{DA0F2A4C-0439-472F-BCED-FBD317BBD742}"
EndProject
Project("{2150E333-8FDC-42A3-9474-1A3956D46DE8}") = "Solution Items", "Solution Items", "{E1311811-B0DB-4428-B4DC-569B90292781}"
	ProjectSection(SolutionItems) = preProject
		app-structure.png = app-structure.png
		general-idea.png = general-idea.png
		README.md = README.md
	EndProjectSection
EndProject
Project("{FAE04EC0-301F-11D3-BF4B-00C04F79EFBC}") = "PoE2FilterManager.Data", "PoE2FilterManager.Data\PoE2FilterManager.Data.csproj", "{2E3CCCCB-15D8-43C3-9FB0-3D4350CFD4BD}"
EndProject
Project("{2150E333-8FDC-42A3-9474-1A3956D46DE8}") = "Scripts", "Scripts", "{633812A9-F185-4076-8C67-B7AA23CC8669}"
	ProjectSection(SolutionItems) = preProject
		Scripts\package.iss = Scripts\package.iss
		Scripts\publish.ps1 = Scripts\publish.ps1
	EndProjectSection
EndProject
Global
	GlobalSection(SolutionConfigurationPlatforms) = preSolution
		Debug|Any CPU = Debug|Any CPU
		Release|Any CPU = Release|Any CPU
	EndGlobalSection
	GlobalSection(ProjectConfigurationPlatforms) = postSolution
		{AA9BD36E-16A3-400E-B54E-C1F070C77835}.Debug|Any CPU.ActiveCfg = Debug|Any CPU
		{AA9BD36E-16A3-400E-B54E-C1F070C77835}.Debug|Any CPU.Build.0 = Debug|Any CPU
		{AA9BD36E-16A3-400E-B54E-C1F070C77835}.Release|Any CPU.ActiveCfg = Release|Any CPU
		{AA9BD36E-16A3-400E-B54E-C1F070C77835}.Release|Any CPU.Build.0 = Release|Any CPU
		{DA0F2A4C-0439-472F-BCED-FBD317BBD742}.Debug|Any CPU.ActiveCfg = Debug|Any CPU
		{DA0F2A4C-0439-472F-BCED-FBD317BBD742}.Debug|Any CPU.Build.0 = Debug|Any CPU
		{DA0F2A4C-0439-472F-BCED-FBD317BBD742}.Release|Any CPU.ActiveCfg = Release|Any CPU
		{DA0F2A4C-0439-472F-BCED-FBD317BBD742}.Release|Any CPU.Build.0 = Release|Any CPU
		{2E3CCCCB-15D8-43C3-9FB0-3D4350CFD4BD}.Debug|Any CPU.ActiveCfg = Debug|Any CPU
		{2E3CCCCB-15D8-43C3-9FB0-3D4350CFD4BD}.Debug|Any CPU.Build.0 = Debug|Any CPU
		{2E3CCCCB-15D8-43C3-9FB0-3D4350CFD4BD}.Release|Any CPU.ActiveCfg = Release|Any CPU
		{2E3CCCCB-15D8-43C3-9FB0-3D4350CFD4BD}.Release|Any CPU.Build.0 = Release|Any CPU
	EndGlobalSection
	GlobalSection(SolutionProperties) = preSolution
		HideSolutionNode = FALSE
	EndGlobalSection
	GlobalSection(NestedProjects) = preSolution
		{633812A9-F185-4076-8C67-B7AA23CC8669} = {E1311811-B0DB-4428-B4DC-569B90292781}
	EndGlobalSection
EndGlobal
